{
  "name": "node-red-contrib-energenie-ener314rt",
  "version": "0.4.2",
  "lockfileVersion": 1,
  "requires": true,
  "dependencies": {
    "energenie-ener314rt": {
      "version": "0.4.1",
      "resolved": "https://registry.npmjs.org/energenie-ener314rt/-/energenie-ener314rt-0.4.1.tgz",
      "integrity": "sha512-ej2Y4s367856WgruSE+CBtKsMazW4vClIJB5JtVK1JzTLEcHxm+2TYkc4Pp31Njt9lnO0tzWhFQehqzhF84wzA=="
    }
  }
}
