{
  "name": "node-red-contrib-energenie-ener314rt",
  "version": "0.7.0",
  "lockfileVersion": 3,
  "requires": true,
  "packages": {
    "": {
      "name": "node-red-contrib-energenie-ener314rt",
      "version": "0.7.0",
      "license": "MIT",
      "dependencies": {
        "energenie-ener314rt": "~0.7.2"
      },
      "engines": {
        "node": ">=10.0.0"
      }
    },
    "node_modules/energenie-ener314rt": {
      "version": "0.7.2",
      "resolved": "https://registry.npmjs.org/energenie-ener314rt/-/energenie-ener314rt-0.7.2.tgz",
      "integrity": "sha512-zVzFGHMyikvFl3S2XNW6kjrqTBmezkfKwyi/LHq4/4+Nik7LHBU+zg9IrNZibczwC68iRmNeuX1xL+SA8Ob4XQ==",
      "hasInstallScript": true,
      "engines": {
        "node": ">=10.0.0"
      }
    }
  }
}
