{
  "name": "node-red-contrib-energenie-ener314rt",
  "version": "0.3.0",
  "lockfileVersion": 1,
  "requires": true,
  "dependencies": {
    "energenie-ener314rt": {
      "version": "0.3.0",
      "resolved": "https://registry.npmjs.org/energenie-ener314rt/-/energenie-ener314rt-0.3.0.tgz",
      "integrity": "sha512-EJuR4WzyjrYOgEM9acntQDKEAklzPxFhfHOJlBLBSqorq9Twg3e7YH+CvV+Nmyl8wyRC7NDV4yV+OILJ2m8odg=="
    }
  }
}
